GEM
  remote: https://rubygems.org/
  specs:
    minitest (6.0.1)
      prism (~> 1.5)
    prism (1.9.0)
    rake (13.3.1)

PLATFORMS
  aarch64-linux
  ruby

DEPENDENCIES
  minitest
  rake

CHECKSUMS
  minitest (6.0.1) sha256=7854c74f48e2e975969062833adc4013f249a4b212f5e7b9d5c040bf838d54bb
  prism (1.9.0) sha256=7b530c6a9f92c24300014919c9dcbc055bf4cdf51ec30aed099b06cd6674ef85
  rake (13.3.1) sha256=8c9e89d09f66a26a01264e7e3480ec0607f0c497a861ef16063604b1b08eb19c

BUNDLED WITH
  4.0.3
